
Microsoft Visual Studio Solution File, Format Version 12.00
# Visual Studio Version 16
VisualStudioVersion = 16.0.30011.22
MinimumVisualStudioVersion = 10.0.40219.1
Project("{FAE04EC0-301F-11D3-BF4B-00C04F79EFBC}") = "BaiTap3", "BaiTap3\BaiTap3.csproj", "{C8C2ACAE-B2AC-45D2-B291-3E8F49477F08}"
EndProject
Global
	GlobalSection(SolutionConfigurationPlatforms) = preSolution
		Debug|Any CPU = Debug|Any CPU
		Release|Any CPU = Release|Any CPU
	EndGlobalSection
	GlobalSection(ProjectConfigurationPlatforms) = postSolution
		{C8C2ACAE-B2AC-45D2-B291-3E8F49477F08}.Debug|Any CPU.ActiveCfg = Debug|Any CPU
		{C8C2ACAE-B2AC-45D2-B291-3E8F49477F08}.Debug|Any CPU.Build.0 = Debug|Any CPU
		{C8C2ACAE-B2AC-45D2-B291-3E8F49477F08}.Release|Any CPU.ActiveCfg = Release|Any CPU
		{C8C2ACAE-B2AC-45D2-B291-3E8F49477F08}.Release|Any CPU.Build.0 = Release|Any CPU
	EndGlobalSection
	GlobalSection(SolutionProperties) = preSolution
		HideSolutionNode = FALSE
	EndGlobalSection
	GlobalSection(ExtensibilityGlobals) = postSolution
		SolutionGuid = {6C18D2E4-692D-495A-B47C-CE0C68D4DC3B}
	EndGlobalSection
EndGlobal
